
Microsoft Visual Studio Solution File, Format Version 12.00
# Visual Studio Version 17
VisualStudioVersion = 17.11.35219.272
MinimumVisualStudioVersion = 10.0.40219.1
Project("{FAE04EC0-301F-11D3-BF4B-00C04F79EFBC}") = "InvoiceService", "InvoiceService.csproj", "{E80371E4-03E8-43B0-8E90-C60DC6F26264}"
EndProject
Global
	GlobalSection(SolutionConfigurationPlatforms) = preSolution
		Debug|Any CPU = Debug|Any CPU
		Release|Any CPU = Release|Any CPU
	EndGlobalSection
	GlobalSection(ProjectConfigurationPlatforms) = postSolution
		{E80371E4-03E8-43B0-8E90-C60DC6F26264}.Debug|Any CPU.ActiveCfg = Debug|Any CPU
		{E80371E4-03E8-43B0-8E90-C60DC6F26264}.Debug|Any CPU.Build.0 = Debug|Any CPU
		{E80371E4-03E8-43B0-8E90-C60DC6F26264}.Release|Any CPU.ActiveCfg = Release|Any CPU
		{E80371E4-03E8-43B0-8E90-C60DC6F26264}.Release|Any CPU.Build.0 = Release|Any CPU
	EndGlobalSection
	GlobalSection(SolutionProperties) = preSolution
		HideSolutionNode = FALSE
	EndGlobalSection
	GlobalSection(ExtensibilityGlobals) = postSolution
		SolutionGuid = {69D5A013-0559-4A43-B968-49C96BE964FA}
	EndGlobalSection
EndGlobal
